
Microsoft Visual Studio Solution File, Format Version 12.00
# Visual Studio 15
VisualStudioVersion = 15.0.27428.2037
MinimumVisualStudioVersion = 10.0.40219.1
Project("{8BC9CEB8-8B4A-11D0-8D11-00A0C91BC942}") = "KFIP_lecture", "KFIP_lecture.vcxproj", "{C94B9A4D-2CDF-4B78-B549-2D146D55DBC7}"
EndProject
Global
	GlobalSection(SolutionConfigurationPlatforms) = preSolution
		Debug|x64 = Debug|x64
		Debug|x86 = Debug|x86
		Release|x64 = Release|x64
		Release|x86 = Release|x86
	EndGlobalSection
	GlobalSection(ProjectConfigurationPlatforms) = postSolution
		{C94B9A4D-2CDF-4B78-B549-2D146D55DBC7}.Debug|x64.ActiveCfg = Debug|x64
		{C94B9A4D-2CDF-4B78-B549-2D146D55DBC7}.Debug|x64.Build.0 = Debug|x64
		{C94B9A4D-2CDF-4B78-B549-2D146D55DBC7}.Debug|x86.ActiveCfg = Debug|Win32
		{C94B9A4D-2CDF-4B78-B549-2D146D55DBC7}.Debug|x86.Build.0 = Debug|Win32
		{C94B9A4D-2CDF-4B78-B549-2D146D55DBC7}.Release|x64.ActiveCfg = Release|x64
		{C94B9A4D-2CDF-4B78-B549-2D146D55DBC7}.Release|x64.Build.0 = Release|x64
		{C94B9A4D-2CDF-4B78-B549-2D146D55DBC7}.Release|x86.ActiveCfg = Release|Win32
		{C94B9A4D-2CDF-4B78-B549-2D146D55DBC7}.Release|x86.Build.0 = Release|Win32
	EndGlobalSection
	GlobalSection(SolutionProperties) = preSolution
		HideSolutionNode = FALSE
	EndGlobalSection
	GlobalSection(ExtensibilityGlobals) = postSolution
		SolutionGuid = {7C3B2FCE-BF21-487E-AD00-66A0BEB6216E}
	EndGlobalSection
EndGlobal
